// !$*UTF8*$!
{
	archiveVersion = 1;
	classes = {
	};
	objectVersion = 50;
	objects = {

/* Begin PBXBuildFile section */
		3F52D4AE26A16CBF00DD272F /* AppDelegate.m in Sources */ = {isa = PBXBuildFile; fileRef = 3F52D4AD26A16CBF00DD272F /* AppDelegate.m */; };
		3F52D4B426A16CBF00DD272F /* ViewController.m in Sources */ = {isa = PBXBuildFile; fileRef = 3F52D4B326A16CBF00DD272F /* ViewController.m */; };
		3F52D4B926A16CBF00DD272F /* Assets.xcassets in Resources */ = {isa = PBXBuildFile; fileRef = 3F52D4B826A16CBF00DD272F /* Assets.xcassets */; };
		3F52D4BC26A16CBF00DD272F /* LaunchScreen.storyboard in Resources */ = {isa = PBXBuildFile; fileRef = 3F52D4BA26A16CBF00DD272F /* LaunchScreen.storyboard */; };
		3F52D4BF26A16CBF00DD272F /* main.m in Sources */ = {isa = PBXBuildFile; fileRef = 3F52D4BE26A16CBF00DD272F /* main.m */; };
		3F52D4CB26A1729900DD272F /* Montserrat-Regular.ttf in Resources */ = {isa = PBXBuildFile; fileRef = 3F52D4C926A1729900DD272F /* Montserrat-Regular.ttf */; };
		3F52D4CC26A1729900DD272F /* Montserrat-Medium.ttf in Resources */ = {isa = PBXBuildFile; fileRef = 3F52D4CA26A1729900DD272F /* Montserrat-Medium.ttf */; };
		3FB2318326A1C23A00410824 /* RoundedButton.m in Sources */ = {isa = PBXBuildFile; fileRef = 3FB2318226A1C23A00410824 /* RoundedButton.m */; };
/* End PBXBuildFile section */

/* Begin PBXFileReference section */
		3F52D4A926A16CBF00DD272F /* rs.ios.stage-task8.app */ = {isa = PBXFileReference; explicitFileType = wrapper.application; includeInIndex = 0; path = "rs.ios.stage-task8.app"; sourceTree = BUILT_PRODUCTS_DIR; };
		3F52D4AC26A16CBF00DD272F /* AppDelegate.h */ = {isa = PBXFileReference; lastKnownFileType = sourcecode.c.h; path = AppDelegate.h; sourceTree = "<group>"; };
		3F52D4AD26A16CBF00DD272F /* AppDelegate.m */ = {isa = PBXFileReference; lastKnownFileType = sourcecode.c.objc; path = AppDelegate.m; sourceTree = "<group>"; };
		3F52D4B226A16CBF00DD272F /* ViewController.h */ = {isa = PBXFileReference; lastKnownFileType = sourcecode.c.h; path = ViewController.h; sourceTree = "<group>"; };
		3F52D4B326A16CBF00DD272F /* ViewController.m */ = {isa = PBXFileReference; lastKnownFileType = sourcecode.c.objc; path = ViewController.m; sourceTree = "<group>"; };
		3F52D4B826A16CBF00DD272F /* Assets.xcassets */ = {isa = PBXFileReference; lastKnownFileType = folder.assetcatalog; path = Assets.xcassets; sourceTree = "<group>"; };
		3F52D4BB26A16CBF00DD272F /* Base */ = {isa = PBXFileReference; lastKnownFileType = file.storyboard; name = Base; path = Base.lproj/LaunchScreen.storyboard; sourceTree = "<group>"; };
		3F52D4BD26A16CBF00DD272F /* Info.plist */ = {isa = PBXFileReference; lastKnownFileType = text.plist.xml; path = Info.plist; sourceTree = "<group>"; };
		3F52D4BE26A16CBF00DD272F /* main.m */ = {isa = PBXFileReference; lastKnownFileType = sourcecode.c.objc; path = main.m; sourceTree = "<group>"; };
		3F52D4C926A1729900DD272F /* Montserrat-Regular.ttf */ = {isa = PBXFileReference; lastKnownFileType = file; path = "Montserrat-Regular.ttf"; sourceTree = "<group>"; };
		3F52D4CA26A1729900DD272F /* Montserrat-Medium.ttf */ = {isa = PBXFileReference; lastKnownFileType = file; path = "Montserrat-Medium.ttf"; sourceTree = "<group>"; };
		3FB2318126A1C23A00410824 /* RoundedButton.h */ = {isa = PBXFileReference; lastKnownFileType = sourcecode.c.h; path = RoundedButton.h; sourceTree = "<group>"; };
		3FB2318226A1C23A00410824 /* RoundedButton.m */ = {isa = PBXFileReference; lastKnownFileType = sourcecode.c.objc; path = RoundedButton.m; sourceTree = "<group>"; };
/* End PBXFileReference section */

/* Begin PBXFrameworksBuildPhase section */
		3F52D4A626A16CBF00DD272F /* Frameworks */ = {
			isa = PBXFrameworksBuildPhase;
			buildActionMask = 2147483647;
			files = (
			);
			runOnlyForDeploymentPostprocessing = 0;
		};
/* End PBXFrameworksBuildPhase section */

/* Begin PBXGroup section */
		3F52D4A026A16CBF00DD272F = {
			isa = PBXGroup;
			children = (
				3F52D4AB26A16CBF00DD272F /* rs.ios.stage-task8 */,
				3F52D4AA26A16CBF00DD272F /* Products */,
			);
			sourceTree = "<group>";
		};
		3F52D4AA26A16CBF00DD272F /* Products */ = {
			isa = PBXGroup;
			children = (
				3F52D4A926A16CBF00DD272F /* rs.ios.stage-task8.app */,
			);
			name = Products;
			sourceTree = "<group>";
		};
		3F52D4AB26A16CBF00DD272F /* rs.ios.stage-task8 */ = {
			isa = PBXGroup;
			children = (
				3F52D4AC26A16CBF00DD272F /* AppDelegate.h */,
				3F52D4AD26A16CBF00DD272F /* AppDelegate.m */,
				3FB2318126A1C23A00410824 /* RoundedButton.h */,
				3FB2318226A1C23A00410824 /* RoundedButton.m */,
				3F52D4B226A16CBF00DD272F /* ViewController.h */,
				3F52D4B326A16CBF00DD272F /* ViewController.m */,
				3F52D4B826A16CBF00DD272F /* Assets.xcassets */,
				3F52D4BA26A16CBF00DD272F /* LaunchScreen.storyboard */,
				3F52D4BD26A16CBF00DD272F /* Info.plist */,
				3F52D4BE26A16CBF00DD272F /* main.m */,
				3F52D4CD26A172A100DD272F /* Fonts */,
			);
			path = "rs.ios.stage-task8";
			sourceTree = "<group>";
		};
		3F52D4CD26A172A100DD272F /* Fonts */ = {
			isa = PBXGroup;
			children = (
				3F52D4CA26A1729900DD272F /* Montserrat-Medium.ttf */,
				3F52D4C926A1729900DD272F /* Montserrat-Regular.ttf */,
			);
			path = Fonts;
			sourceTree = "<group>";
		};
/* End PBXGroup section */

/* Begin PBXNativeTarget section */
		3F52D4A826A16CBF00DD272F /* rs.ios.stage-task8 */ = {
			isa = PBXNativeTarget;
			buildConfigurationList = 3F52D4C226A16CBF00DD272F /* Build configuration list for PBXNativeTarget "rs.ios.stage-task8" */;
			buildPhases = (
				3F52D4A526A16CBF00DD272F /* Sources */,
				3F52D4A626A16CBF00DD272F /* Frameworks */,
				3F52D4A726A16CBF00DD272F /* Resources */,
			);
			buildRules = (
			);
			dependencies = (
			);
			name = "rs.ios.stage-task8";
			productName = "rs.ios.stage-task8";
			productReference = 3F52D4A926A16CBF00DD272F /* rs.ios.stage-task8.app */;
			productType = "com.apple.product-type.application";
		};
/* End PBXNativeTarget section */

/* Begin PBXProject section */
		3F52D4A126A16CBF00DD272F /* Project object */ = {
			isa = PBXProject;
			attributes = {
				LastUpgradeCheck = 1250;
				TargetAttributes = {
					3F52D4A826A16CBF00DD272F = {
						CreatedOnToolsVersion = 12.5.1;
					};
				};
			};
			buildConfigurationList = 3F52D4A426A16CBF00DD272F /* Build configuration list for PBXProject "rs.ios.stage-task8" */;
			compatibilityVersion = "Xcode 9.3";
			developmentRegion = en;
			hasScannedForEncodings = 0;
			knownRegions = (
				en,
				Base,
			);
			mainGroup = 3F52D4A026A16CBF00DD272F;
			productRefGroup = 3F52D4AA26A16CBF00DD272F /* Products */;
			projectDirPath = "";
			projectRoot = "";
			targets = (
				3F52D4A826A16CBF00DD272F /* rs.ios.stage-task8 */,
			);
		};
/* End PBXProject section */

/* Begin PBXResourcesBuildPhase section */
		3F52D4A726A16CBF00DD272F /* Resources */ = {
			isa = PBXResourcesBuildPhase;
			buildActionMask = 2147483647;
			files = (
				3F52D4CB26A1729900DD272F /* Montserrat-Regular.ttf in Resources */,
				3F52D4BC26A16CBF00DD272F /* LaunchScreen.storyboard in Resources */,
				3F52D4CC26A1729900DD272F /* Montserrat-Medium.ttf in Resources */,
				3F52D4B926A16CBF00DD272F /* Assets.xcassets in Resources */,
			);
			runOnlyForDeploymentPostprocessing = 0;
		};
/* End PBXResourcesBuildPhase section */

/* Begin PBXSourcesBuildPhase section */
		3F52D4A526A16CBF00DD272F /* Sources */ = {
			isa = PBXSourcesBuildPhase;
			buildActionMask = 2147483647;
			files = (
				3F52D4B426A16CBF00DD272F /* ViewController.m in Sources */,
				3F52D4AE26A16CBF00DD272F /* AppDelegate.m in Sources */,
				3F52D4BF26A16CBF00DD272F /* main.m in Sources */,
				3FB2318326A1C23A00410824 /* RoundedButton.m in Sources */,
			);
			runOnlyForDeploymentPostprocessing = 0;
		};
/* End PBXSourcesBuildPhase section */

/* Begin PBXVariantGroup section */
		3F52D4BA26A16CBF00DD272F /* LaunchScreen.storyboard */ = {
			isa = PBXVariantGroup;
			children = (
				3F52D4BB26A16CBF00DD272F /* Base */,
			);
			name = LaunchScreen.storyboard;
			sourceTree = "<group>";
		};
/* End PBXVariantGroup section */

/* Begin XCBuildConfiguration section */
		3F52D4C026A16CBF00DD272F /* Debug */ = {
			isa = XCBuildConfiguration;
			buildSettings = {
				ALWAYS_SEARCH_USER_PATHS = NO;
				CLANG_ANALYZER_NONNULL = YES;
				CLANG_ANALYZER_NUMBER_OBJECT_CONVERSION = YES_AGGRESSIVE;
				CLANG_CXX_LANGUAGE_STANDARD = "gnu++14";
				CLANG_CXX_LIBRARY = "libc++";
				CLANG_ENABLE_MODULES = YES;
				CLANG_ENABLE_OBJC_ARC = YES;
				CLANG_ENABLE_OBJC_WEAK = YES;
				CLANG_WARN_BLOCK_CAPTURE_AUTORELEASING = YES;
				CLANG_WARN_BOOL_CONVERSION = YES;
				CLANG_WARN_COMMA = YES;
				CLANG_WARN_CONSTANT_CONVERSION = YES;
				CLANG_WARN_DEPRECATED_OBJC_IMPLEMENTATIONS = YES;
				CLANG_WARN_DIRECT_OBJC_ISA_USAGE = YES_ERROR;
				CLANG_WARN_DOCUMENTATION_COMMENTS = YES;
				CLANG_WARN_EMPTY_BODY = YES;
				CLANG_WARN_ENUM_CONVERSION = YES;
				CLANG_WARN_INFINITE_RECURSION = YES;
				CLANG_WARN_INT_CONVERSION = YES;
				CLANG_WARN_NON_LITERAL_NULL_CONVERSION = YES;
				CLANG_WARN_OBJC_IMPLICIT_RETAIN_SELF = YES;
				CLANG_WARN_OBJC_LITERAL_CONVERSION = YES;
				CLANG_WARN_OBJC_ROOT_CLASS = YES_ERROR;
				CLANG_WARN_QUOTED_INCLUDE_IN_FRAMEWORK_HEADER = YES;
				CLANG_WARN_RANGE_LOOP_ANALYSIS = YES;
				CLANG_WARN_STRICT_PROTOTYPES = YES;
				CLANG_WARN_SUSPICIOUS_MOVE = YES;
				CLANG_WARN_UNGUARDED_AVAILABILITY = YES_AGGRESSIVE;
				CLANG_WARN_UNREACHABLE_CODE = YES;
				CLANG_WARN__DUPLICATE_METHOD_MATCH = YES;
				COPY_PHASE_STRIP = NO;
				DEBUG_INFORMATION_FORMAT = dwarf;
				ENABLE_STRICT_OBJC_MSGSEND = YES;
				ENABLE_TESTABILITY = YES;
				GCC_C_LANGUAGE_STANDARD = gnu11;
				GCC_DYNAMIC_NO_PIC = NO;
				GCC_NO_COMMON_BLOCKS = YES;
				GCC_OPTIMIZATION_LEVEL = 0;
				GCC_PREPROCESSOR_DEFINITIONS = (
					"DEBUG=1",
					"$(inherited)",
				);
				GCC_WARN_64_TO_32_BIT_CONVERSION = YES;
				GCC_WARN_ABOUT_RETURN_TYPE = YES_ERROR;
				GCC_WARN_UNDECLARED_SELECTOR = YES;
				GCC_WARN_UNINITIALIZED_AUTOS = YES_AGGRESSIVE;
				GCC_WARN_UNUSED_FUNCTION = YES;
				GCC_WARN_UNUSED_VARIABLE = YES;
				IPHONEOS_DEPLOYMENT_TARGET = 14.5;
				MTL_ENABLE_DEBUG_INFO = INCLUDE_SOURCE;
				MTL_FAST_MATH = YES;
				ONLY_ACTIVE_ARCH = YES;
				SDKROOT = iphoneos;
			};
			name = Debug;
		};
		3F52D4C126A16CBF00DD272F /* Release */ = {
			isa = XCBuildConfiguration;
			buildSettings = {
				ALWAYS_SEARCH_USER_PATHS = NO;
				CLANG_ANALYZER_NONNULL = YES;
				CLANG_ANALYZER_NUMBER_OBJECT_CONVERSION = YES_AGGRESSIVE;
				CLANG_CXX_LANGUAGE_STANDARD = "gnu++14";
				CLANG_CXX_LIBRARY = "libc++";
				CLANG_ENABLE_MODULES = YES;
				CLANG_ENABLE_OBJC_ARC = YES;
				CLANG_ENABLE_OBJC_WEAK = YES;
				CLANG_WARN_BLOCK_CAPTURE_AUTORELEASING = YES;
				CLANG_WARN_BOOL_CONVERSION = YES;
				CLANG_WARN_COMMA = YES;
				CLANG_WARN_CONSTANT_CONVERSION = YES;
				CLANG_WARN_DEPRECATED_OBJC_IMPLEMENTATIONS = YES;
				CLANG_WARN_DIRECT_OBJC_ISA_USAGE = YES_ERROR;
				CLANG_WARN_DOCUMENTATION_COMMENTS = YES;
				CLANG_WARN_EMPTY_BODY = YES;
				CLANG_WARN_ENUM_CONVERSION = YES;
				CLANG_WARN_INFINITE_RECURSION = YES;
				CLANG_WARN_INT_CONVERSION = YES;
				CLANG_WARN_NON_LITERAL_NULL_CONVERSION = YES;
				CLANG_WARN_OBJC_IMPLICIT_RETAIN_SELF = YES;
				CLANG_WARN_OBJC_LITERAL_CONVERSION = YES;
				CLANG_WARN_OBJC_ROOT_CLASS = YES_ERROR;
				CLANG_WARN_QUOTED_INCLUDE_IN_FRAMEWORK_HEADER = YES;
				CLANG_WARN_RANGE_LOOP_ANALYSIS = YES;
				CLANG_WARN_STRICT_PROTOTYPES = YES;
				CLANG_WARN_SUSPICIOUS_MOVE = YES;
				CLANG_WARN_UNGUARDED_AVAILABILITY = YES_AGGRESSIVE;
				CLANG_WARN_UNREACHABLE_CODE = YES;
				CLANG_WARN__DUPLICATE_METHOD_MATCH = YES;
				COPY_PHASE_STRIP = NO;
				DEBUG_INFORMATION_FORMAT = "dwarf-with-dsym";
				ENABLE_NS_ASSERTIONS = NO;
				ENABLE_STRICT_OBJC_MSGSEND = YES;
				GCC_C_LANGUAGE_STANDARD = gnu11;
				GCC_NO_COMMON_BLOCKS = YES;
				GCC_WARN_64_TO_32_BIT_CONVERSION = YES;
				GCC_WARN_ABOUT_RETURN_TYPE = YES_ERROR;
				GCC_WARN_UNDECLARED_SELECTOR = YES;
				GCC_WARN_UNINITIALIZED_AUTOS = YES_AGGRESSIVE;
				GCC_WARN_UNUSED_FUNCTION = YES;
				GCC_WARN_UNUSED_VARIABLE = YES;
				IPHONEOS_DEPLOYMENT_TARGET = 14.5;
				MTL_ENABLE_DEBUG_INFO = NO;
				MTL_FAST_MATH = YES;
				SDKROOT = iphoneos;
				VALIDATE_PRODUCT = YES;
			};
			name = Release;
		};
		3F52D4C326A16CBF00DD272F /* Debug */ = {
			isa = XCBuildConfiguration;
			buildSettings = {
				ASSETCATALOG_COMPILER_APPICON_NAME = AppIcon;
				ASSETCATALOG_COMPILER_GLOBAL_ACCENT_COLOR_NAME = AccentColor;
				CODE_SIGN_STYLE = Automatic;
				INFOPLIST_FILE = "rs.ios.stage-task8/Info.plist";
				IPHONEOS_DEPLOYMENT_TARGET = 12.1;
				LD_RUNPATH_SEARCH_PATHS = (
					"$(inherited)",
					"@executable_path/Frameworks",
				);
				PRODUCT_BUNDLE_IDENTIFIER = "com.ivan.budovich.rs-ios-stage-task8";
				PRODUCT_NAME = "$(TARGET_NAME)";
				TARGETED_DEVICE_FAMILY = "1,2";
			};
			name = Debug;
		};
		3F52D4C426A16CBF00DD272F /* Release */ = {
			isa = XCBuildConfiguration;
			buildSettings = {
				ASSETCATALOG_COMPILER_APPICON_NAME = AppIcon;
				ASSETCATALOG_COMPILER_GLOBAL_ACCENT_COLOR_NAME = AccentColor;
				CODE_SIGN_STYLE = Automatic;
				INFOPLIST_FILE = "rs.ios.stage-task8/Info.plist";
				IPHONEOS_DEPLOYMENT_TARGET = 12.1;
				LD_RUNPATH_SEARCH_PATHS = (
					"$(inherited)",
					"@executable_path/Frameworks",
				);
				PRODUCT_BUNDLE_IDENTIFIER = "com.ivan.budovich.rs-ios-stage-task8";
				PRODUCT_NAME = "$(TARGET_NAME)";
				TARGETED_DEVICE_FAMILY = "1,2";
			};
			name = Release;
		};
/* End XCBuildConfiguration section */

/* Begin XCConfigurationList section */
		3F52D4A426A16CBF00DD272F /* Build configuration list for PBXProject "rs.ios.stage-task8" */ = {
			isa = XCConfigurationList;
			buildConfigurations = (
				3F52D4C026A16CBF00DD272F /* Debug */,
				3F52D4C126A16CBF00DD272F /* Release */,
			);
			defaultConfigurationIsVisible = 0;
			defaultConfigurationName = Release;
		};
		3F52D4C226A16CBF00DD272F /* Build configuration list for PBXNativeTarget "rs.ios.stage-task8" */ = {
			isa = XCConfigurationList;
			buildConfigurations = (
				3F52D4C326A16CBF00DD272F /* Debug */,
				3F52D4C426A16CBF00DD272F /* Release */,
			);
			defaultConfigurationIsVisible = 0;
			defaultConfigurationName = Release;
		};
/* End XCConfigurationList section */
	};
	rootObject = 3F52D4A126A16CBF00DD272F /* Project object */;
}
