// !$*UTF8*$!
{
	archiveVersion = 1;
	classes = {
	};
	objectVersion = 50;
	objects = {

/* Begin PBXBuildFile section */
		3F52D4AE26A16CBF00DD272F /* AppDelegate.m in Sources */ = {isa = PBXBuildFile; fileRef = 3F52D4AD26A16CBF00DD272F /* AppDelegate.m */; };
		3F52D4B926A16CBF00DD272F /* Assets.xcassets in Resources */ = {isa = PBXBuildFile; fileRef = 3F52D4B826A16CBF00DD272F /* Assets.xcassets */; };
		3F52D4BC26A16CBF00DD272F /* LaunchScreen.storyboard in Resources */ = {isa = PBXBuildFile; fileRef = 3F52D4BA26A16CBF00DD272F /* LaunchScreen.storyboard */; };
		3F52D4BF26A16CBF00DD272F /* main.m in Sources */ = {isa = PBXBuildFile; fileRef = 3F52D4BE26A16CBF00DD272F /* main.m */; };
		3F52D4CB26A1729900DD272F /* Montserrat-Regular.ttf in Resources */ = {isa = PBXBuildFile; fileRef = 3F52D4C926A1729900DD272F /* Montserrat-Regular.ttf */; };
		3F52D4CC26A1729900DD272F /* Montserrat-Medium.ttf in Resources */ = {isa = PBXBuildFile; fileRef = 3F52D4CA26A1729900DD272F /* Montserrat-Medium.ttf */; };
		3F93200326A5D37800F09261 /* CanvasLayer.m in Sources */ = {isa = PBXBuildFile; fileRef = 3F93200226A5D37800F09261 /* CanvasLayer.m */; };
		3FB2318326A1C23A00410824 /* RoundedButton.m in Sources */ = {isa = PBXBuildFile; fileRef = 3FB2318226A1C23A00410824 /* RoundedButton.m */; };
		842DD93B26A479A400312D77 /* PaletteController.m in Sources */ = {isa = PBXBuildFile; fileRef = 842DD93926A479A400312D77 /* PaletteController.m */; };
		842DD93C26A479A400312D77 /* PaletteController.xib in Resources */ = {isa = PBXBuildFile; fileRef = 842DD93A26A479A400312D77 /* PaletteController.xib */; };
		842DD94026A4C15800312D77 /* TimerController.swift in Sources */ = {isa = PBXBuildFile; fileRef = 842DD93E26A4C15800312D77 /* TimerController.swift */; };
		842DD94126A4C15800312D77 /* TimerController.xib in Resources */ = {isa = PBXBuildFile; fileRef = 842DD93F26A4C15800312D77 /* TimerController.xib */; };
		8432571B26A2045300B6E05E /* ColorButton.m in Sources */ = {isa = PBXBuildFile; fileRef = 8432571A26A2045300B6E05E /* ColorButton.m */; };
		8432572126A2249C00B6E05E /* ColorPanel.m in Sources */ = {isa = PBXBuildFile; fileRef = 8432572026A2249C00B6E05E /* ColorPanel.m */; };
		849057B626A5F906002E3B3B /* CanvasLayer+Head.m in Sources */ = {isa = PBXBuildFile; fileRef = 849057B526A5F906002E3B3B /* CanvasLayer+Head.m */; };
		849057BC26A5FB19002E3B3B /* CanvasLayer+Planet.m in Sources */ = {isa = PBXBuildFile; fileRef = 849057BB26A5FB19002E3B3B /* CanvasLayer+Planet.m */; };
		849057C026A5FB2D002E3B3B /* CanvasLayer+Landscape.m in Sources */ = {isa = PBXBuildFile; fileRef = 849057BF26A5FB2D002E3B3B /* CanvasLayer+Landscape.m */; };
		849057C426A5FB45002E3B3B /* CanvasLayer+Tree.m in Sources */ = {isa = PBXBuildFile; fileRef = 849057C326A5FB45002E3B3B /* CanvasLayer+Tree.m */; };
		84B38EE326A451DF0091109A /* ChoiceController.m in Sources */ = {isa = PBXBuildFile; fileRef = 84B38EE126A451DF0091109A /* ChoiceController.m */; };
		84B38EE826A452030091109A /* Canvas.m in Sources */ = {isa = PBXBuildFile; fileRef = 84B38EE726A452030091109A /* Canvas.m */; };
		84CB730626A2F62000CBFE43 /* DrawingController.swift in Sources */ = {isa = PBXBuildFile; fileRef = 84CB730426A2F62000CBFE43 /* DrawingController.swift */; };
		84CB730726A2F62000CBFE43 /* DrawingController.xib in Resources */ = {isa = PBXBuildFile; fileRef = 84CB730526A2F62000CBFE43 /* DrawingController.xib */; };
/* End PBXBuildFile section */

/* Begin PBXFileReference section */
		3F52D4A926A16CBF00DD272F /* rs.ios.stage-task8.app */ = {isa = PBXFileReference; explicitFileType = wrapper.application; includeInIndex = 0; path = "rs.ios.stage-task8.app"; sourceTree = BUILT_PRODUCTS_DIR; };
		3F52D4AC26A16CBF00DD272F /* AppDelegate.h */ = {isa = PBXFileReference; lastKnownFileType = sourcecode.c.h; path = AppDelegate.h; sourceTree = "<group>"; };
		3F52D4AD26A16CBF00DD272F /* AppDelegate.m */ = {isa = PBXFileReference; lastKnownFileType = sourcecode.c.objc; path = AppDelegate.m; sourceTree = "<group>"; };
		3F52D4B826A16CBF00DD272F /* Assets.xcassets */ = {isa = PBXFileReference; lastKnownFileType = folder.assetcatalog; path = Assets.xcassets; sourceTree = "<group>"; };
		3F52D4BB26A16CBF00DD272F /* Base */ = {isa = PBXFileReference; lastKnownFileType = file.storyboard; name = Base; path = Base.lproj/LaunchScreen.storyboard; sourceTree = "<group>"; };
		3F52D4BD26A16CBF00DD272F /* Info.plist */ = {isa = PBXFileReference; lastKnownFileType = text.plist.xml; path = Info.plist; sourceTree = "<group>"; };
		3F52D4BE26A16CBF00DD272F /* main.m */ = {isa = PBXFileReference; lastKnownFileType = sourcecode.c.objc; path = main.m; sourceTree = "<group>"; };
		3F52D4C926A1729900DD272F /* Montserrat-Regular.ttf */ = {isa = PBXFileReference; lastKnownFileType = file; path = "Montserrat-Regular.ttf"; sourceTree = "<group>"; };
		3F52D4CA26A1729900DD272F /* Montserrat-Medium.ttf */ = {isa = PBXFileReference; lastKnownFileType = file; path = "Montserrat-Medium.ttf"; sourceTree = "<group>"; };
		3F93200126A5D37800F09261 /* CanvasLayer.h */ = {isa = PBXFileReference; lastKnownFileType = sourcecode.c.h; path = CanvasLayer.h; sourceTree = "<group>"; };
		3F93200226A5D37800F09261 /* CanvasLayer.m */ = {isa = PBXFileReference; lastKnownFileType = sourcecode.c.objc; path = CanvasLayer.m; sourceTree = "<group>"; };
		3FB2318126A1C23A00410824 /* RoundedButton.h */ = {isa = PBXFileReference; lastKnownFileType = sourcecode.c.h; path = RoundedButton.h; sourceTree = "<group>"; };
		3FB2318226A1C23A00410824 /* RoundedButton.m */ = {isa = PBXFileReference; lastKnownFileType = sourcecode.c.objc; path = RoundedButton.m; sourceTree = "<group>"; };
		842DD93826A479A400312D77 /* PaletteController.h */ = {isa = PBXFileReference; lastKnownFileType = sourcecode.c.h; path = PaletteController.h; sourceTree = "<group>"; };
		842DD93926A479A400312D77 /* PaletteController.m */ = {isa = PBXFileReference; lastKnownFileType = sourcecode.c.objc; path = PaletteController.m; sourceTree = "<group>"; };
		842DD93A26A479A400312D77 /* PaletteController.xib */ = {isa = PBXFileReference; lastKnownFileType = file.xib; path = PaletteController.xib; sourceTree = "<group>"; };
		842DD93E26A4C15800312D77 /* TimerController.swift */ = {isa = PBXFileReference; lastKnownFileType = sourcecode.swift; path = TimerController.swift; sourceTree = "<group>"; };
		842DD93F26A4C15800312D77 /* TimerController.xib */ = {isa = PBXFileReference; lastKnownFileType = file.xib; path = TimerController.xib; sourceTree = "<group>"; };
		8432571926A2045300B6E05E /* ColorButton.h */ = {isa = PBXFileReference; lastKnownFileType = sourcecode.c.h; path = ColorButton.h; sourceTree = "<group>"; };
		8432571A26A2045300B6E05E /* ColorButton.m */ = {isa = PBXFileReference; lastKnownFileType = sourcecode.c.objc; path = ColorButton.m; sourceTree = "<group>"; };
		8432571F26A2249C00B6E05E /* ColorPanel.h */ = {isa = PBXFileReference; lastKnownFileType = sourcecode.c.h; path = ColorPanel.h; sourceTree = "<group>"; };
		8432572026A2249C00B6E05E /* ColorPanel.m */ = {isa = PBXFileReference; lastKnownFileType = sourcecode.c.objc; path = ColorPanel.m; sourceTree = "<group>"; };
		849057B426A5F906002E3B3B /* CanvasLayer+Head.h */ = {isa = PBXFileReference; lastKnownFileType = sourcecode.c.h; path = "CanvasLayer+Head.h"; sourceTree = "<group>"; };
		849057B526A5F906002E3B3B /* CanvasLayer+Head.m */ = {isa = PBXFileReference; lastKnownFileType = sourcecode.c.objc; path = "CanvasLayer+Head.m"; sourceTree = "<group>"; };
		849057BA26A5FB19002E3B3B /* CanvasLayer+Planet.h */ = {isa = PBXFileReference; lastKnownFileType = sourcecode.c.h; path = "CanvasLayer+Planet.h"; sourceTree = "<group>"; };
		849057BB26A5FB19002E3B3B /* CanvasLayer+Planet.m */ = {isa = PBXFileReference; lastKnownFileType = sourcecode.c.objc; path = "CanvasLayer+Planet.m"; sourceTree = "<group>"; };
		849057BE26A5FB2D002E3B3B /* CanvasLayer+Landscape.h */ = {isa = PBXFileReference; lastKnownFileType = sourcecode.c.h; path = "CanvasLayer+Landscape.h"; sourceTree = "<group>"; };
		849057BF26A5FB2D002E3B3B /* CanvasLayer+Landscape.m */ = {isa = PBXFileReference; lastKnownFileType = sourcecode.c.objc; path = "CanvasLayer+Landscape.m"; sourceTree = "<group>"; };
		849057C226A5FB45002E3B3B /* CanvasLayer+Tree.h */ = {isa = PBXFileReference; lastKnownFileType = sourcecode.c.h; path = "CanvasLayer+Tree.h"; sourceTree = "<group>"; };
		849057C326A5FB45002E3B3B /* CanvasLayer+Tree.m */ = {isa = PBXFileReference; lastKnownFileType = sourcecode.c.objc; path = "CanvasLayer+Tree.m"; sourceTree = "<group>"; };
		84B38EE026A451DF0091109A /* ChoiceController.h */ = {isa = PBXFileReference; lastKnownFileType = sourcecode.c.h; path = ChoiceController.h; sourceTree = "<group>"; };
		84B38EE126A451DF0091109A /* ChoiceController.m */ = {isa = PBXFileReference; lastKnownFileType = sourcecode.c.objc; path = ChoiceController.m; sourceTree = "<group>"; };
		84B38EE626A452030091109A /* Canvas.h */ = {isa = PBXFileReference; lastKnownFileType = sourcecode.c.h; path = Canvas.h; sourceTree = "<group>"; };
		84B38EE726A452030091109A /* Canvas.m */ = {isa = PBXFileReference; lastKnownFileType = sourcecode.c.objc; path = Canvas.m; sourceTree = "<group>"; };
		84CB72FF26A2F5DB00CBFE43 /* rs.ios.stage-task8-Bridging-Header.h */ = {isa = PBXFileReference; lastKnownFileType = sourcecode.c.h; path = "rs.ios.stage-task8-Bridging-Header.h"; sourceTree = "<group>"; };
		84CB730426A2F62000CBFE43 /* DrawingController.swift */ = {isa = PBXFileReference; lastKnownFileType = sourcecode.swift; path = DrawingController.swift; sourceTree = "<group>"; };
		84CB730526A2F62000CBFE43 /* DrawingController.xib */ = {isa = PBXFileReference; lastKnownFileType = file.xib; path = DrawingController.xib; sourceTree = "<group>"; };
/* End PBXFileReference section */

/* Begin PBXFrameworksBuildPhase section */
		3F52D4A626A16CBF00DD272F /* Frameworks */ = {
			isa = PBXFrameworksBuildPhase;
			buildActionMask = 2147483647;
			files = (
			);
			runOnlyForDeploymentPostprocessing = 0;
		};
/* End PBXFrameworksBuildPhase section */

/* Begin PBXGroup section */
		3F52D4A026A16CBF00DD272F = {
			isa = PBXGroup;
			children = (
				3F52D4AB26A16CBF00DD272F /* rs.ios.stage-task8 */,
				3F52D4AA26A16CBF00DD272F /* Products */,
			);
			sourceTree = "<group>";
		};
		3F52D4AA26A16CBF00DD272F /* Products */ = {
			isa = PBXGroup;
			children = (
				3F52D4A926A16CBF00DD272F /* rs.ios.stage-task8.app */,
			);
			name = Products;
			sourceTree = "<group>";
		};
		3F52D4AB26A16CBF00DD272F /* rs.ios.stage-task8 */ = {
			isa = PBXGroup;
			children = (
				3F93200426A5D58600F09261 /* Layers */,
				8432571826A2025000B6E05E /* Controller */,
				8432571326A2020B00B6E05E /* View */,
				8432571426A2021F00B6E05E /* Other */,
				3F52D4CD26A172A100DD272F /* Fonts */,
			);
			path = "rs.ios.stage-task8";
			sourceTree = "<group>";
		};
		3F52D4CD26A172A100DD272F /* Fonts */ = {
			isa = PBXGroup;
			children = (
				3F52D4CA26A1729900DD272F /* Montserrat-Medium.ttf */,
				3F52D4C926A1729900DD272F /* Montserrat-Regular.ttf */,
			);
			path = Fonts;
			sourceTree = "<group>";
		};
		3F93200426A5D58600F09261 /* Layers */ = {
			isa = PBXGroup;
			children = (
				3F93200126A5D37800F09261 /* CanvasLayer.h */,
				3F93200226A5D37800F09261 /* CanvasLayer.m */,
				849057B426A5F906002E3B3B /* CanvasLayer+Head.h */,
				849057B526A5F906002E3B3B /* CanvasLayer+Head.m */,
				849057BA26A5FB19002E3B3B /* CanvasLayer+Planet.h */,
				849057BB26A5FB19002E3B3B /* CanvasLayer+Planet.m */,
				849057BE26A5FB2D002E3B3B /* CanvasLayer+Landscape.h */,
				849057BF26A5FB2D002E3B3B /* CanvasLayer+Landscape.m */,
				849057C226A5FB45002E3B3B /* CanvasLayer+Tree.h */,
				849057C326A5FB45002E3B3B /* CanvasLayer+Tree.m */,
			);
			path = Layers;
			sourceTree = "<group>";
		};
		8432571326A2020B00B6E05E /* View */ = {
			isa = PBXGroup;
			children = (
				3FB2318126A1C23A00410824 /* RoundedButton.h */,
				3FB2318226A1C23A00410824 /* RoundedButton.m */,
				8432571926A2045300B6E05E /* ColorButton.h */,
				8432571A26A2045300B6E05E /* ColorButton.m */,
				8432571F26A2249C00B6E05E /* ColorPanel.h */,
				8432572026A2249C00B6E05E /* ColorPanel.m */,
				84B38EE626A452030091109A /* Canvas.h */,
				84B38EE726A452030091109A /* Canvas.m */,
			);
			path = View;
			sourceTree = "<group>";
		};
		8432571426A2021F00B6E05E /* Other */ = {
			isa = PBXGroup;
			children = (
				3F52D4BD26A16CBF00DD272F /* Info.plist */,
				3F52D4BE26A16CBF00DD272F /* main.m */,
				3F52D4BA26A16CBF00DD272F /* LaunchScreen.storyboard */,
				3F52D4B826A16CBF00DD272F /* Assets.xcassets */,
				3F52D4AC26A16CBF00DD272F /* AppDelegate.h */,
				3F52D4AD26A16CBF00DD272F /* AppDelegate.m */,
				84CB72FF26A2F5DB00CBFE43 /* rs.ios.stage-task8-Bridging-Header.h */,
			);
			path = Other;
			sourceTree = "<group>";
		};
		8432571826A2025000B6E05E /* Controller */ = {
			isa = PBXGroup;
			children = (
				84B38EE026A451DF0091109A /* ChoiceController.h */,
				84B38EE126A451DF0091109A /* ChoiceController.m */,
				84CB730426A2F62000CBFE43 /* DrawingController.swift */,
				84CB730526A2F62000CBFE43 /* DrawingController.xib */,
				842DD93826A479A400312D77 /* PaletteController.h */,
				842DD93926A479A400312D77 /* PaletteController.m */,
				842DD93A26A479A400312D77 /* PaletteController.xib */,
				842DD93E26A4C15800312D77 /* TimerController.swift */,
				842DD93F26A4C15800312D77 /* TimerController.xib */,
			);
			path = Controller;
			sourceTree = "<group>";
		};
/* End PBXGroup section */

/* Begin PBXNativeTarget section */
		3F52D4A826A16CBF00DD272F /* rs.ios.stage-task8 */ = {
			isa = PBXNativeTarget;
			buildConfigurationList = 3F52D4C226A16CBF00DD272F /* Build configuration list for PBXNativeTarget "rs.ios.stage-task8" */;
			buildPhases = (
				3F52D4A526A16CBF00DD272F /* Sources */,
				3F52D4A626A16CBF00DD272F /* Frameworks */,
				3F52D4A726A16CBF00DD272F /* Resources */,
			);
			buildRules = (
			);
			dependencies = (
			);
			name = "rs.ios.stage-task8";
			productName = "rs.ios.stage-task8";
			productReference = 3F52D4A926A16CBF00DD272F /* rs.ios.stage-task8.app */;
			productType = "com.apple.product-type.application";
		};
/* End PBXNativeTarget section */

/* Begin PBXProject section */
		3F52D4A126A16CBF00DD272F /* Project object */ = {
			isa = PBXProject;
			attributes = {
				LastUpgradeCheck = 1250;
				TargetAttributes = {
					3F52D4A826A16CBF00DD272F = {
						CreatedOnToolsVersion = 12.5.1;
						LastSwiftMigration = 1240;
					};
				};
			};
			buildConfigurationList = 3F52D4A426A16CBF00DD272F /* Build configuration list for PBXProject "rs.ios.stage-task8" */;
			compatibilityVersion = "Xcode 9.3";
			developmentRegion = en;
			hasScannedForEncodings = 0;
			knownRegions = (
				en,
				Base,
			);
			mainGroup = 3F52D4A026A16CBF00DD272F;
			productRefGroup = 3F52D4AA26A16CBF00DD272F /* Products */;
			projectDirPath = "";
			projectRoot = "";
			targets = (
				3F52D4A826A16CBF00DD272F /* rs.ios.stage-task8 */,
			);
		};
/* End PBXProject section */

/* Begin PBXResourcesBuildPhase section */
		3F52D4A726A16CBF00DD272F /* Resources */ = {
			isa = PBXResourcesBuildPhase;
			buildActionMask = 2147483647;
			files = (
				3F52D4CB26A1729900DD272F /* Montserrat-Regular.ttf in Resources */,
				3F52D4BC26A16CBF00DD272F /* LaunchScreen.storyboard in Resources */,
				3F52D4CC26A1729900DD272F /* Montserrat-Medium.ttf in Resources */,
				842DD94126A4C15800312D77 /* TimerController.xib in Resources */,
				842DD93C26A479A400312D77 /* PaletteController.xib in Resources */,
				84CB730726A2F62000CBFE43 /* DrawingController.xib in Resources */,
				3F52D4B926A16CBF00DD272F /* Assets.xcassets in Resources */,
			);
			runOnlyForDeploymentPostprocessing = 0;
		};
/* End PBXResourcesBuildPhase section */

/* Begin PBXSourcesBuildPhase section */
		3F52D4A526A16CBF00DD272F /* Sources */ = {
			isa = PBXSourcesBuildPhase;
			buildActionMask = 2147483647;
			files = (
				8432572126A2249C00B6E05E /* ColorPanel.m in Sources */,
				849057C026A5FB2D002E3B3B /* CanvasLayer+Landscape.m in Sources */,
				842DD94026A4C15800312D77 /* TimerController.swift in Sources */,
				849057B626A5F906002E3B3B /* CanvasLayer+Head.m in Sources */,
				3F52D4AE26A16CBF00DD272F /* AppDelegate.m in Sources */,
				849057C426A5FB45002E3B3B /* CanvasLayer+Tree.m in Sources */,
				84CB730626A2F62000CBFE43 /* DrawingController.swift in Sources */,
				84B38EE326A451DF0091109A /* ChoiceController.m in Sources */,
				849057BC26A5FB19002E3B3B /* CanvasLayer+Planet.m in Sources */,
				842DD93B26A479A400312D77 /* PaletteController.m in Sources */,
				8432571B26A2045300B6E05E /* ColorButton.m in Sources */,
				3F52D4BF26A16CBF00DD272F /* main.m in Sources */,
				3FB2318326A1C23A00410824 /* RoundedButton.m in Sources */,
				84B38EE826A452030091109A /* Canvas.m in Sources */,
				3F93200326A5D37800F09261 /* CanvasLayer.m in Sources */,
			);
			runOnlyForDeploymentPostprocessing = 0;
		};
/* End PBXSourcesBuildPhase section */

/* Begin PBXVariantGroup section */
		3F52D4BA26A16CBF00DD272F /* LaunchScreen.storyboard */ = {
			isa = PBXVariantGroup;
			children = (
				3F52D4BB26A16CBF00DD272F /* Base */,
			);
			name = LaunchScreen.storyboard;
			sourceTree = "<group>";
		};
/* End PBXVariantGroup section */

/* Begin XCBuildConfiguration section */
		3F52D4C026A16CBF00DD272F /* Debug */ = {
			isa = XCBuildConfiguration;
			buildSettings = {
				ALWAYS_SEARCH_USER_PATHS = NO;
				CLANG_ANALYZER_NONNULL = YES;
				CLANG_ANALYZER_NUMBER_OBJECT_CONVERSION = YES_AGGRESSIVE;
				CLANG_CXX_LANGUAGE_STANDARD = "gnu++14";
				CLANG_CXX_LIBRARY = "libc++";
				CLANG_ENABLE_MODULES = YES;
				CLANG_ENABLE_OBJC_ARC = YES;
				CLANG_ENABLE_OBJC_WEAK = YES;
				CLANG_WARN_BLOCK_CAPTURE_AUTORELEASING = YES;
				CLANG_WARN_BOOL_CONVERSION = YES;
				CLANG_WARN_COMMA = YES;
				CLANG_WARN_CONSTANT_CONVERSION = YES;
				CLANG_WARN_DEPRECATED_OBJC_IMPLEMENTATIONS = YES;
				CLANG_WARN_DIRECT_OBJC_ISA_USAGE = YES_ERROR;
				CLANG_WARN_DOCUMENTATION_COMMENTS = YES;
				CLANG_WARN_EMPTY_BODY = YES;
				CLANG_WARN_ENUM_CONVERSION = YES;
				CLANG_WARN_INFINITE_RECURSION = YES;
				CLANG_WARN_INT_CONVERSION = YES;
				CLANG_WARN_NON_LITERAL_NULL_CONVERSION = YES;
				CLANG_WARN_OBJC_IMPLICIT_RETAIN_SELF = YES;
				CLANG_WARN_OBJC_LITERAL_CONVERSION = YES;
				CLANG_WARN_OBJC_ROOT_CLASS = YES_ERROR;
				CLANG_WARN_QUOTED_INCLUDE_IN_FRAMEWORK_HEADER = YES;
				CLANG_WARN_RANGE_LOOP_ANALYSIS = YES;
				CLANG_WARN_STRICT_PROTOTYPES = YES;
				CLANG_WARN_SUSPICIOUS_MOVE = YES;
				CLANG_WARN_UNGUARDED_AVAILABILITY = YES_AGGRESSIVE;
				CLANG_WARN_UNREACHABLE_CODE = YES;
				CLANG_WARN__DUPLICATE_METHOD_MATCH = YES;
				COPY_PHASE_STRIP = NO;
				DEBUG_INFORMATION_FORMAT = dwarf;
				ENABLE_STRICT_OBJC_MSGSEND = YES;
				ENABLE_TESTABILITY = YES;
				GCC_C_LANGUAGE_STANDARD = gnu11;
				GCC_DYNAMIC_NO_PIC = NO;
				GCC_NO_COMMON_BLOCKS = YES;
				GCC_OPTIMIZATION_LEVEL = 0;
				GCC_PREPROCESSOR_DEFINITIONS = (
					"DEBUG=1",
					"$(inherited)",
				);
				GCC_WARN_64_TO_32_BIT_CONVERSION = YES;
				GCC_WARN_ABOUT_RETURN_TYPE = YES_ERROR;
				GCC_WARN_UNDECLARED_SELECTOR = YES;
				GCC_WARN_UNINITIALIZED_AUTOS = YES_AGGRESSIVE;
				GCC_WARN_UNUSED_FUNCTION = YES;
				GCC_WARN_UNUSED_VARIABLE = YES;
				IPHONEOS_DEPLOYMENT_TARGET = 14.5;
				MTL_ENABLE_DEBUG_INFO = INCLUDE_SOURCE;
				MTL_FAST_MATH = YES;
				ONLY_ACTIVE_ARCH = YES;
				SDKROOT = iphoneos;
			};
			name = Debug;
		};
		3F52D4C126A16CBF00DD272F /* Release */ = {
			isa = XCBuildConfiguration;
			buildSettings = {
				ALWAYS_SEARCH_USER_PATHS = NO;
				CLANG_ANALYZER_NONNULL = YES;
				CLANG_ANALYZER_NUMBER_OBJECT_CONVERSION = YES_AGGRESSIVE;
				CLANG_CXX_LANGUAGE_STANDARD = "gnu++14";
				CLANG_CXX_LIBRARY = "libc++";
				CLANG_ENABLE_MODULES = YES;
				CLANG_ENABLE_OBJC_ARC = YES;
				CLANG_ENABLE_OBJC_WEAK = YES;
				CLANG_WARN_BLOCK_CAPTURE_AUTORELEASING = YES;
				CLANG_WARN_BOOL_CONVERSION = YES;
				CLANG_WARN_COMMA = YES;
				CLANG_WARN_CONSTANT_CONVERSION = YES;
				CLANG_WARN_DEPRECATED_OBJC_IMPLEMENTATIONS = YES;
				CLANG_WARN_DIRECT_OBJC_ISA_USAGE = YES_ERROR;
				CLANG_WARN_DOCUMENTATION_COMMENTS = YES;
				CLANG_WARN_EMPTY_BODY = YES;
				CLANG_WARN_ENUM_CONVERSION = YES;
				CLANG_WARN_INFINITE_RECURSION = YES;
				CLANG_WARN_INT_CONVERSION = YES;
				CLANG_WARN_NON_LITERAL_NULL_CONVERSION = YES;
				CLANG_WARN_OBJC_IMPLICIT_RETAIN_SELF = YES;
				CLANG_WARN_OBJC_LITERAL_CONVERSION = YES;
				CLANG_WARN_OBJC_ROOT_CLASS = YES_ERROR;
				CLANG_WARN_QUOTED_INCLUDE_IN_FRAMEWORK_HEADER = YES;
				CLANG_WARN_RANGE_LOOP_ANALYSIS = YES;
				CLANG_WARN_STRICT_PROTOTYPES = YES;
				CLANG_WARN_SUSPICIOUS_MOVE = YES;
				CLANG_WARN_UNGUARDED_AVAILABILITY = YES_AGGRESSIVE;
				CLANG_WARN_UNREACHABLE_CODE = YES;
				CLANG_WARN__DUPLICATE_METHOD_MATCH = YES;
				COPY_PHASE_STRIP = NO;
				DEBUG_INFORMATION_FORMAT = "dwarf-with-dsym";
				ENABLE_NS_ASSERTIONS = NO;
				ENABLE_STRICT_OBJC_MSGSEND = YES;
				GCC_C_LANGUAGE_STANDARD = gnu11;
				GCC_NO_COMMON_BLOCKS = YES;
				GCC_WARN_64_TO_32_BIT_CONVERSION = YES;
				GCC_WARN_ABOUT_RETURN_TYPE = YES_ERROR;
				GCC_WARN_UNDECLARED_SELECTOR = YES;
				GCC_WARN_UNINITIALIZED_AUTOS = YES_AGGRESSIVE;
				GCC_WARN_UNUSED_FUNCTION = YES;
				GCC_WARN_UNUSED_VARIABLE = YES;
				IPHONEOS_DEPLOYMENT_TARGET = 14.5;
				MTL_ENABLE_DEBUG_INFO = NO;
				MTL_FAST_MATH = YES;
				SDKROOT = iphoneos;
				VALIDATE_PRODUCT = YES;
			};
			name = Release;
		};
		3F52D4C326A16CBF00DD272F /* Debug */ = {
			isa = XCBuildConfiguration;
			buildSettings = {
				ASSETCATALOG_COMPILER_APPICON_NAME = AppIcon;
				ASSETCATALOG_COMPILER_GLOBAL_ACCENT_COLOR_NAME = AccentColor;
				CLANG_ENABLE_MODULES = YES;
				CODE_SIGN_STYLE = Automatic;
				INFOPLIST_FILE = "$(SRCROOT)/rs.ios.stage-task8/Other/Info.plist";
				IPHONEOS_DEPLOYMENT_TARGET = 12.1;
				LD_RUNPATH_SEARCH_PATHS = (
					"$(inherited)",
					"@executable_path/Frameworks",
				);
				PRODUCT_BUNDLE_IDENTIFIER = "com.ivan.budovich.rs-ios-stage-task8";
				PRODUCT_NAME = "$(TARGET_NAME)";
				SWIFT_OBJC_BRIDGING_HEADER = "rs.ios.stage-task8/Other/rs.ios.stage-task8-Bridging-Header.h";
				SWIFT_OPTIMIZATION_LEVEL = "-Onone";
				SWIFT_VERSION = 5.0;
				TARGETED_DEVICE_FAMILY = "1,2";
			};
			name = Debug;
		};
		3F52D4C426A16CBF00DD272F /* Release */ = {
			isa = XCBuildConfiguration;
			buildSettings = {
				ASSETCATALOG_COMPILER_APPICON_NAME = AppIcon;
				ASSETCATALOG_COMPILER_GLOBAL_ACCENT_COLOR_NAME = AccentColor;
				CLANG_ENABLE_MODULES = YES;
				CODE_SIGN_STYLE = Automatic;
				INFOPLIST_FILE = "$(SRCROOT)/rs.ios.stage-task8/Other/Info.plist";
				IPHONEOS_DEPLOYMENT_TARGET = 12.1;
				LD_RUNPATH_SEARCH_PATHS = (
					"$(inherited)",
					"@executable_path/Frameworks",
				);
				PRODUCT_BUNDLE_IDENTIFIER = "com.ivan.budovich.rs-ios-stage-task8";
				PRODUCT_NAME = "$(TARGET_NAME)";
				SWIFT_OBJC_BRIDGING_HEADER = "rs.ios.stage-task8/Other/rs.ios.stage-task8-Bridging-Header.h";
				SWIFT_VERSION = 5.0;
				TARGETED_DEVICE_FAMILY = "1,2";
			};
			name = Release;
		};
/* End XCBuildConfiguration section */

/* Begin XCConfigurationList section */
		3F52D4A426A16CBF00DD272F /* Build configuration list for PBXProject "rs.ios.stage-task8" */ = {
			isa = XCConfigurationList;
			buildConfigurations = (
				3F52D4C026A16CBF00DD272F /* Debug */,
				3F52D4C126A16CBF00DD272F /* Release */,
			);
			defaultConfigurationIsVisible = 0;
			defaultConfigurationName = Release;
		};
		3F52D4C226A16CBF00DD272F /* Build configuration list for PBXNativeTarget "rs.ios.stage-task8" */ = {
			isa = XCConfigurationList;
			buildConfigurations = (
				3F52D4C326A16CBF00DD272F /* Debug */,
				3F52D4C426A16CBF00DD272F /* Release */,
			);
			defaultConfigurationIsVisible = 0;
			defaultConfigurationName = Release;
		};
/* End XCConfigurationList section */
	};
	rootObject = 3F52D4A126A16CBF00DD272F /* Project object */;
}
